Microsoft Visual Studio Solution File, Format Version 12.00
Project("{E53339B2-1760-4266-BCC7-CA923CBCF16C}") = "docker-compose", "docker-compose.dcproj", "{FEA0C318-FFED-4D39-8781-265718CA43DD}"
EndProject
Project("{2150E333-8FDC-42A3-9474-1A3956D46DE8}") = "src", "src", "{DBCF710D-A189-4220-A36F-BC088BA1D056}"
EndProject
Project("{2150E333-8FDC-42A3-9474-1A3956D46DE8}") = "actions", "actions", "{1B0A13EE-F8DB-4734-ACE6-FD5EB19BA5D3}"
	ProjectSection(SolutionItems) = preProject
		.github\workflows\deploy.yml = .github\workflows\deploy.yml
	EndProjectSection
EndProject
Project("{FAE04EC0-301F-11D3-BF4B-00C04F79EFBC}") = "Education.Web.Client", "src\Education.Web.Client\Education.Web.Client.csproj", "{3B7857E5-B3ED-420B-BF2D-15328B5555B2}"
EndProject
Project("{FAE04EC0-301F-11D3-BF4B-00C04F79EFBC}") = "Education.Web.Server", "src\Education.Web.Server\Education.Web.Server.csproj", "{A2AE5BAA-F6E7-448A-A506-F8D3C124E62A}"
EndProject
Project("{FAE04EC0-301F-11D3-BF4B-00C04F79EFBC}") = "Education.Http", "src\Education.Http\Education.Http.csproj", "{91BF64B0-C066-4C22-A759-96F766C5CFFD}"
EndProject
Global
	GlobalSection(SolutionConfigurationPlatforms) = preSolution
		Debug|Any CPU = Debug|Any CPU
		Release|Any CPU = Release|Any CPU
	EndGlobalSection
	GlobalSection(ProjectConfigurationPlatforms) = postSolution
		{3B7857E5-B3ED-420B-BF2D-15328B5555B2}.Debug|Any CPU.ActiveCfg = Debug|Any CPU
		{3B7857E5-B3ED-420B-BF2D-15328B5555B2}.Debug|Any CPU.Build.0 = Debug|Any CPU
		{3B7857E5-B3ED-420B-BF2D-15328B5555B2}.Release|Any CPU.ActiveCfg = Release|Any CPU
		{3B7857E5-B3ED-420B-BF2D-15328B5555B2}.Release|Any CPU.Build.0 = Release|Any CPU
		{A2AE5BAA-F6E7-448A-A506-F8D3C124E62A}.Debug|Any CPU.ActiveCfg = Debug|Any CPU
		{A2AE5BAA-F6E7-448A-A506-F8D3C124E62A}.Debug|Any CPU.Build.0 = Debug|Any CPU
		{A2AE5BAA-F6E7-448A-A506-F8D3C124E62A}.Release|Any CPU.ActiveCfg = Release|Any CPU
		{A2AE5BAA-F6E7-448A-A506-F8D3C124E62A}.Release|Any CPU.Build.0 = Release|Any CPU
		{91BF64B0-C066-4C22-A759-96F766C5CFFD}.Debug|Any CPU.ActiveCfg = Debug|Any CPU
		{91BF64B0-C066-4C22-A759-96F766C5CFFD}.Debug|Any CPU.Build.0 = Debug|Any CPU
		{91BF64B0-C066-4C22-A759-96F766C5CFFD}.Release|Any CPU.ActiveCfg = Release|Any CPU
		{91BF64B0-C066-4C22-A759-96F766C5CFFD}.Release|Any CPU.Build.0 = Release|Any CPU
	EndGlobalSection
	GlobalSection(NestedProjects) = preSolution
		{3B7857E5-B3ED-420B-BF2D-15328B5555B2} = {DBCF710D-A189-4220-A36F-BC088BA1D056}
		{A2AE5BAA-F6E7-448A-A506-F8D3C124E62A} = {DBCF710D-A189-4220-A36F-BC088BA1D056}
		{91BF64B0-C066-4C22-A759-96F766C5CFFD} = {DBCF710D-A189-4220-A36F-BC088BA1D056}
	EndGlobalSection
EndGlobal
