
Microsoft Visual Studio Solution File, Format Version 12.00
Project("{FAE04EC0-301F-11D3-BF4B-00C04F79EFBC}") = "Elwark.Education.Web", "Elwark.Education.Web\Elwark.Education.Web.csproj", "{402EC24A-4CC9-4E43-B8EA-87BB78ABACDD}"
EndProject
Global
	GlobalSection(SolutionConfigurationPlatforms) = preSolution
		Debug|Any CPU = Debug|Any CPU
		Release|Any CPU = Release|Any CPU
	EndGlobalSection
	GlobalSection(ProjectConfigurationPlatforms) = postSolution
		{402EC24A-4CC9-4E43-B8EA-87BB78ABACDD}.Debug|Any CPU.ActiveCfg = Debug|Any CPU
		{402EC24A-4CC9-4E43-B8EA-87BB78ABACDD}.Debug|Any CPU.Build.0 = Debug|Any CPU
		{402EC24A-4CC9-4E43-B8EA-87BB78ABACDD}.Release|Any CPU.ActiveCfg = Release|Any CPU
		{402EC24A-4CC9-4E43-B8EA-87BB78ABACDD}.Release|Any CPU.Build.0 = Release|Any CPU
	EndGlobalSection
EndGlobal
